
Microsoft Visual Studio Solution File, Format Version 11.00
# Visual Studio 2010
Project("{FAE04EC0-301F-11D3-BF4B-00C04F79EFBC}") = "SLARToolKitWinPhoneSample", "..\Source\SLARToolKitWinPhoneSample\SLARToolKitWinPhoneSample.csproj", "{ED92B10A-7A7A-4C4D-B3A7-D70734DA6788}"
EndProject
Project("{FAE04EC0-301F-11D3-BF4B-00C04F79EFBC}") = "SLARToolKitWinPhone", "..\Source\SLARToolKit\SLARToolKitWinPhone.csproj", "{9A95A929-7591-4B48-92C5-0C891586A559}"
EndProject
Global
	GlobalSection(SolutionConfigurationPlatforms) = preSolution
		Debug|Any CPU = Debug|Any CPU
		Release|Any CPU = Release|Any CPU
	EndGlobalSection
	GlobalSection(ProjectConfigurationPlatforms) = postSolution
		{ED92B10A-7A7A-4C4D-B3A7-D70734DA6788}.Debug|Any CPU.ActiveCfg = Debug|Any CPU
		{ED92B10A-7A7A-4C4D-B3A7-D70734DA6788}.Debug|Any CPU.Build.0 = Debug|Any CPU
		{ED92B10A-7A7A-4C4D-B3A7-D70734DA6788}.Debug|Any CPU.Deploy.0 = Debug|Any CPU
		{ED92B10A-7A7A-4C4D-B3A7-D70734DA6788}.Release|Any CPU.ActiveCfg = Release|Any CPU
		{ED92B10A-7A7A-4C4D-B3A7-D70734DA6788}.Release|Any CPU.Build.0 = Release|Any CPU
		{ED92B10A-7A7A-4C4D-B3A7-D70734DA6788}.Release|Any CPU.Deploy.0 = Release|Any CPU
		{9A95A929-7591-4B48-92C5-0C891586A559}.Debug|Any CPU.ActiveCfg = Debug|Any CPU
		{9A95A929-7591-4B48-92C5-0C891586A559}.Debug|Any CPU.Build.0 = Debug|Any CPU
		{9A95A929-7591-4B48-92C5-0C891586A559}.Release|Any CPU.ActiveCfg = Release|Any CPU
		{9A95A929-7591-4B48-92C5-0C891586A559}.Release|Any CPU.Build.0 = Release|Any CPU
	EndGlobalSection
	GlobalSection(SolutionProperties) = preSolution
		HideSolutionNode = FALSE
	EndGlobalSection
EndGlobal
