
Microsoft Visual Studio Solution File, Format Version 11.00
# Visual Studio 2010
Project("{FAE04EC0-301F-11D3-BF4B-00C04F79EFBC}") = "SLARToolKitSL5", "..\Source\SLARToolKit\SLARToolKitSL5.csproj", "{0DB102D4-9D03-408A-BDB3-35D1DD0CB25A}"
EndProject
Project("{FAE04EC0-301F-11D3-BF4B-00C04F79EFBC}") = "SLARToolKitBalderSampleSL5", "..\Source\SLARToolKitBalderSampleSL5\SLARToolKitBalderSampleSL5.csproj", "{F14D10A1-B445-4C4F-A302-FE0C84A16013}"
EndProject
Project("{E24C65DC-7377-472B-9ABA-BC803B73C61A}") = "SLARToolKitBalderSampleSL5.Web", "..\Source\SLARToolKitBalderSampleSL5.Web\", "{4C80E998-6ECC-4534-9E7A-6F8A65199695}"
	ProjectSection(WebsiteProperties) = preProject
		TargetFrameworkMoniker = ".NETFramework,Version%3Dv4.0"
		Debug.AspNetCompiler.VirtualPath = "/SLARToolKitBalderSampleSL5.Web"
		Debug.AspNetCompiler.PhysicalPath = "..\Source\SLARToolKitBalderSampleSL5.Web\"
		Debug.AspNetCompiler.TargetPath = "PrecompiledWeb\SLARToolKitBalderSampleSL5.Web\"
		Debug.AspNetCompiler.Updateable = "true"
		Debug.AspNetCompiler.ForceOverwrite = "true"
		Debug.AspNetCompiler.FixedNames = "false"
		Debug.AspNetCompiler.Debug = "True"
		Release.AspNetCompiler.VirtualPath = "/SLARToolKitBalderSampleSL5.Web"
		Release.AspNetCompiler.PhysicalPath = "..\Source\SLARToolKitBalderSampleSL5.Web\"
		Release.AspNetCompiler.TargetPath = "PrecompiledWeb\SLARToolKitBalderSampleSL5.Web\"
		Release.AspNetCompiler.Updateable = "true"
		Release.AspNetCompiler.ForceOverwrite = "true"
		Release.AspNetCompiler.FixedNames = "false"
		Release.AspNetCompiler.Debug = "False"
		VWDPort = "6752"
		DefaultWebSiteLanguage = "Visual C#"
		ProjOutputReferences = "{F14D10A1-B445-4C4F-A302-FE0C84A16013}|ClientBin|false;"
	EndProjectSection
EndProject
Global
	GlobalSection(SolutionConfigurationPlatforms) = preSolution
		Debug|Any CPU = Debug|Any CPU
		Release|Any CPU = Release|Any CPU
	EndGlobalSection
	GlobalSection(ProjectConfigurationPlatforms) = postSolution
		{0DB102D4-9D03-408A-BDB3-35D1DD0CB25A}.Debug|Any CPU.ActiveCfg = Debug|Any CPU
		{0DB102D4-9D03-408A-BDB3-35D1DD0CB25A}.Debug|Any CPU.Build.0 = Debug|Any CPU
		{0DB102D4-9D03-408A-BDB3-35D1DD0CB25A}.Release|Any CPU.ActiveCfg = Release|Any CPU
		{0DB102D4-9D03-408A-BDB3-35D1DD0CB25A}.Release|Any CPU.Build.0 = Release|Any CPU
		{F14D10A1-B445-4C4F-A302-FE0C84A16013}.Debug|Any CPU.ActiveCfg = Debug|Any CPU
		{F14D10A1-B445-4C4F-A302-FE0C84A16013}.Debug|Any CPU.Build.0 = Debug|Any CPU
		{F14D10A1-B445-4C4F-A302-FE0C84A16013}.Release|Any CPU.ActiveCfg = Release|Any CPU
		{F14D10A1-B445-4C4F-A302-FE0C84A16013}.Release|Any CPU.Build.0 = Release|Any CPU
		{4C80E998-6ECC-4534-9E7A-6F8A65199695}.Debug|Any CPU.ActiveCfg = Debug|Any CPU
		{4C80E998-6ECC-4534-9E7A-6F8A65199695}.Debug|Any CPU.Build.0 = Debug|Any CPU
		{4C80E998-6ECC-4534-9E7A-6F8A65199695}.Release|Any CPU.ActiveCfg = Debug|Any CPU
		{4C80E998-6ECC-4534-9E7A-6F8A65199695}.Release|Any CPU.Build.0 = Debug|Any CPU
	EndGlobalSection
	GlobalSection(SolutionProperties) = preSolution
		HideSolutionNode = FALSE
	EndGlobalSection
EndGlobal
